# This file is autogenerated, do not edit; changes may be undone by the next 'dep ensure'.


[[projects]]
  digest = "1:9f3b30d9f8e0d7040f729b82dcbc8f0dead820a133b3147ce355fc451f32d761"
  name = "github.com/BurntSushi/toml"
  packages = ["."]
  pruneopts = "UT"
  revision = "3012a1dbe2e4bd1391d42b32f0577cb7bbc7f005"
  version = "v0.3.1"

[[projects]]
  digest = "1:e48143af091ad885b7e709b86bf4c54f32c13909d977c3d78b07844be006b389"
  name = "github.com/Shopify/sarama"
  packages = ["."]
  pruneopts = "UT"
  revision = "4d2231eabe90d4ab508cc55a0c97f88976cd2f3c"
  version = "v1.26.4"

[[projects]]
  digest = "1:ffe9824d294da03b391f44e1ae8281281b4afc1bdaa9588c9097785e3af10cec"
  name = "github.com/davecgh/go-spew"
  packages = ["spew"]
  pruneopts = "UT"
  revision = "8991bc29aa16c548c550c7ff78260e27b9ab7c73"
  version = "v1.1.1"

[[projects]]
  digest = "1:1f0c7ab489b407a7f8f9ad16c25a504d28ab461517a971d341388a56156c1bd7"
  name = "github.com/eapache/go-resiliency"
  packages = ["breaker"]
  pruneopts = "UT"
  revision = "5efd2ed019fd331ec2defc6f3bd98882f1e3e636"
  version = "v1.2.0"

[[projects]]
  branch = "master"
  digest = "1:79f16588b5576b1b3cd90e48d2374cc9a1a8776862d28d8fd0f23b0e15534967"
  name = "github.com/eapache/go-xerial-snappy"
  packages = ["."]
  pruneopts = "UT"
  revision = "776d5712da21bc4762676d614db1d8a64f4238b0"

[[projects]]
  digest = "1:444b82bfe35c83bbcaf84e310fb81a1f9ece03edfed586483c869e2c046aef69"
  name = "github.com/eapache/queue"
  packages = ["."]
  pruneopts = "UT"
  revision = "44cc805cf13205b55f69e14bcb69867d1ae92f98"
  version = "v1.1.0"

[[projects]]
  digest = "1:3ee1d175a75b911a659fbd860060874c4f503e793c5870d13e5a0ede529a63cf"
  name = "github.com/gin-contrib/sse"
  packages = ["."]
  pruneopts = "UT"
  revision = "54d8467d122d380a14768b6b4e5cd7ca4755938f"
  version = "v0.1.0"

[[projects]]
  digest = "1:249eec71412b5d3bb94374292ccbc81a1e8314cd2c6b2c830add3357e6c4b842"
  name = "github.com/gin-gonic/gin"
  packages = [
    ".",
    "binding",
    "internal/json",
    "render",
  ]
  pruneopts = "UT"
  revision = "15ced05c5316609bce5b43389f8e3f06102a8b18"
  version = "v1.5.0"

[[projects]]
  digest = "1:e1cbe9ce835f515ce57500b8db6b94f399650bea2ddfac59f9b05d98db77a96d"
  name = "github.com/go-playground/locales"
  packages = [
    ".",
    "currency",
  ]
  pruneopts = "UT"
  revision = "9f105231d3a5f6877a2bf8321dfa15ea6f844b1b"
  version = "v0.13.0"

[[projects]]
  digest = "1:0d18fff5db6983e912eb2ac15038ed3eabb8ec03c9bd9129b10cd0213f50ec6d"
  name = "github.com/go-playground/universal-translator"
  packages = ["."]
  pruneopts = "UT"
  revision = "f87b1403479a348651dbf5f07f5cc6e5fcf07008"
  version = "v0.17.0"

[[projects]]
  digest = "1:73770491417b7cb646b28610eec6481187aba7b5c3703da0d42f8d590d016f5f"
  name = "github.com/gofrs/uuid"
  packages = ["."]
  pruneopts = "UT"
  revision = "abfe1881e60ef34074c1b8d8c63b42565c356ed6"
  version = "v3.3.0"

[[projects]]
  digest = "1:9e1f58e0d3991f12e7b532161f56dc12c633fb01802ec60520d877599c2af2c5"
  name = "github.com/golang/protobuf"
  packages = ["proto"]
  pruneopts = "UT"
  revision = "d04d7b157bb510b1e0c10132224b616ac0e26b17"
  version = "v1.4.2"

[[projects]]
  digest = "1:e4f5819333ac698d294fe04dbf640f84719658d5c7ce195b10060cc37292ce79"
  name = "github.com/golang/snappy"
  packages = ["."]
  pruneopts = "UT"
  revision = "2a8bb927dd31d8daada140a5d09578521ce5c36a"
  version = "v0.0.1"

[[projects]]
  digest = "1:38ec74012390146c45af1f92d46e5382b50531247929ff3a685d2b2be65155ac"
  name = "github.com/gomodule/redigo"
  packages = [
    "internal",
    "redis",
  ]
  pruneopts = "UT"
  revision = "9c11da706d9b7902c6da69c592f75637793fe121"
  version = "v2.0.0"

[[projects]]
  digest = "1:6eb58a12ff2e21abe77271d29981dfc74211ae13500a5f34d34c5a098945d8b7"
  name = "github.com/hashicorp/go-uuid"
  packages = ["."]
  pruneopts = "UT"
  revision = "6195a4f20692188e0a389def25559731d1e130f9"
  version = "v1.0.2"

[[projects]]
  digest = "1:ae221758bdddd57f5c76f4ee5e4110af32ee62583c46299094697f8f127e63da"
  name = "github.com/jcmturner/gofork"
  packages = [
    "encoding/asn1",
    "x/crypto/pbkdf2",
  ]
  pruneopts = "UT"
  revision = "dc7c13fece037a4a36e2b3c69db4991498d30692"
  version = "v1.0.0"

[[projects]]
  digest = "1:7d7ccfe00918baede5a3daf233bad41bb922692f58a57a687f8b010e207a167b"
  name = "github.com/json-iterator/go"
  packages = ["."]
  pruneopts = "UT"
  revision = "a1ca0830781e007c66b225121d2cdb3a649421f6"
  version = "v1.1.10"

[[projects]]
  digest = "1:48817cb3ca86acdda86a6f1afa457f4ad0860fe2fcc982fe8ab605375cf1ffa5"
  name = "github.com/klauspost/compress"
  packages = [
    "fse",
    "huff0",
    "snappy",
    "zstd",
    "zstd/internal/xxhash",
  ]
  pruneopts = "UT"
  revision = "a8f778f32d263b3a95d1e5a90534f5f680560abe"
  version = "v1.10.10"

[[projects]]
  digest = "1:09cb61dc19af93deae01587e2fdb1c081e0bf48f1a5ad5fa24f48750dc57dce8"
  name = "github.com/konsorten/go-windows-terminal-sequences"
  packages = ["."]
  pruneopts = "UT"
  revision = "edb144dfd453055e1e49a3d8b410a660b5a87613"
  version = "v1.0.3"

[[projects]]
  digest = "1:803b281410ec195645c782ddb9cb029d43c2855d4b7824ea31104985b507a458"
  name = "github.com/leodido/go-urn"
  packages = ["."]
  pruneopts = "UT"
  revision = "a0f5013415294bb94553821ace21a1a74c0298cc"
  version = "v1.2.0"

[[projects]]
  digest = "1:0c58d31abe2a2ccb429c559b6292e7df89dcda675456fecc282fa90aa08273eb"
  name = "github.com/mattn/go-isatty"
  packages = ["."]
  pruneopts = "UT"
  revision = "7b513a986450394f7bbf1476909911b3aa3a55ce"
  version = "v0.0.12"

[[projects]]
  digest = "1:33422d238f147d247752996a26574ac48dcf472976eda7f5134015f06bf16563"
  name = "github.com/modern-go/concurrent"
  packages = ["."]
  pruneopts = "UT"
  revision = "bacd9c7ef1dd9b15be4a9909b8ac7a4e313eec94"
  version = "1.0.3"

[[projects]]
  digest = "1:e32bdbdb7c377a07a9a46378290059822efdce5c8d96fe71940d87cb4f918855"
  name = "github.com/modern-go/reflect2"
  packages = ["."]
  pruneopts = "UT"
  revision = "4b7aa43c6742a2c18fdef89dd197aaae7dac7ccd"
  version = "1.0.1"

[[projects]]
  digest = "1:ee325412d74880d032f681a07ef58f1225cbc995990cf2f4606c0c38f9387934"
  name = "github.com/momotech/timewheel"
  packages = ["."]
  pruneopts = "UT"
  revision = "f5db9ff12ae77085a1e8c0614ec7925dad13daca"
  version = "v1.0.1"

[[projects]]
  digest = "1:af52537e91171a58eed809011d85641ccd78dc5c088665f30805520f8b7778ee"
  name = "github.com/pierrec/lz4"
  packages = [
    ".",
    "internal/xxh32",
  ]
  pruneopts = "UT"
  revision = "65e4285c566323a894d155441e5279ec4a9884f4"
  version = "v2.5.2"

[[projects]]
  branch = "master"
  digest = "1:294a3024486051ac61d8c1b0e2f31e0598c2339d7483ef70af7cadc81cd93c48"
  name = "github.com/rcrowley/go-metrics"
  packages = ["."]
  pruneopts = "UT"
  revision = "10cdbea86bc0b922507ce91d43f4f78a5bea2e8f"

[[projects]]
  branch = "master"
  digest = "1:53358eb1ca1c4cfdc53d6a7e1b1327a2e7346dac8f293ec40d88b8b8c36249f0"
  name = "github.com/samuel/go-zookeeper"
  packages = ["zk"]
  pruneopts = "UT"
  revision = "2164a8ac840e69b0c255f9b12b3b36f969e7fd5d"

[[projects]]
  digest = "1:05eebdd5727fea23083fce0d98d307d70c86baed644178e81608aaa9f09ea469"
  name = "github.com/sirupsen/logrus"
  packages = ["."]
  pruneopts = "UT"
  revision = "60c74ad9be0d874af0ab0daef6ab07c5c5911f0d"
  version = "v1.6.0"

[[projects]]
  digest = "1:5a1cf4e370bc86137b58da2ae065e76526d32b11f62a7665f36dbd5f41fa95ff"
  name = "github.com/ugorji/go"
  packages = ["codec"]
  pruneopts = "UT"
  revision = "23ab95ef5dc3b70286760af84ce2327a2b64ed62"
  version = "v1.1.7"

[[projects]]
  branch = "master"
  digest = "1:04b43fe96213ea69cfa6e6b8be218a43a375035ea09d9bdda9fed2691f5a7e76"
  name = "golang.org/x/crypto"
  packages = [
    "md4",
    "pbkdf2",
  ]
  pruneopts = "UT"
  revision = "123391ffb6de907695e1066dc40c1ff09322aeb6"

[[projects]]
  branch = "master"
  digest = "1:3587bbb18e3d5299dc0020733e2839138afb0a29456ffd4073a3962bb9966556"
  name = "golang.org/x/net"
  packages = [
    "internal/socks",
    "proxy",
  ]
  pruneopts = "UT"
  revision = "ab34263943818b32f575efc978a3d24e80b04bd7"

[[projects]]
  branch = "master"
  digest = "1:4196f59cc34072808c8e7c23c6ce2fffa50d9eff217e2feb734f4b08369a3bf1"
  name = "golang.org/x/sys"
  packages = [
    "internal/unsafeheader",
    "unix",
  ]
  pruneopts = "UT"
  revision = "3e129f6d46b10b0e1da36b3deffcb55e09631b64"

[[projects]]
  digest = "1:cccb3a18e62abaccd19c309fc01a69da2509719f5a453cb2e66969f670503245"
  name = "google.golang.org/protobuf"
  packages = [
    "encoding/prototext",
    "encoding/protowire",
    "internal/descfmt",
    "internal/descopts",
    "internal/detrand",
    "internal/encoding/defval",
    "internal/encoding/messageset",
    "internal/encoding/tag",
    "internal/encoding/text",
    "internal/errors",
    "internal/fieldsort",
    "internal/filedesc",
    "internal/filetype",
    "internal/flags",
    "internal/genid",
    "internal/impl",
    "internal/mapsort",
    "internal/pragma",
    "internal/set",
    "internal/strs",
    "internal/version",
    "proto",
    "reflect/protoreflect",
    "reflect/protoregistry",
    "runtime/protoiface",
    "runtime/protoimpl",
  ]
  pruneopts = "UT"
  revision = "3f7a61f89bb6813f89d981d1870ed68da0b3c3f1"
  version = "v1.25.0"

[[projects]]
  digest = "1:0e49ce3bb641491517ba5035619be50aa07619814665c9761d0decb48f35ea94"
  name = "gopkg.in/go-playground/validator.v9"
  packages = ["."]
  pruneopts = "UT"
  revision = "21c910fc6d9c3556c28252b04beb17de0c2d40ec"
  version = "v9.31.0"

[[projects]]
  digest = "1:c902038ee2d6f964d3b9f2c718126571410c5d81251cbab9fe58abd37803513c"
  name = "gopkg.in/jcmturner/aescts.v1"
  packages = ["."]
  pruneopts = "UT"
  revision = "f6abebb3171c4c1b1fea279cb7c7325020a26290"
  version = "v1.0.1"

[[projects]]
  digest = "1:a1a3e185c03d79a7452d5d5b4c91be4cc433f55e6ed3a35233d852c966e39013"
  name = "gopkg.in/jcmturner/dnsutils.v1"
  packages = ["."]
  pruneopts = "UT"
  revision = "13eeb8d49ffb74d7a75784c35e4d900607a3943c"
  version = "v1.0.1"

[[projects]]
  digest = "1:911d78367f4e572fbf4eaaebc6d5d4a65e4194f950aa1634420f9964d9b4c171"
  name = "gopkg.in/jcmturner/gokrb5.v7"
  packages = [
    "asn1tools",
    "client",
    "config",
    "credentials",
    "crypto",
    "crypto/common",
    "crypto/etype",
    "crypto/rfc3961",
    "crypto/rfc3962",
    "crypto/rfc4757",
    "crypto/rfc8009",
    "gssapi",
    "iana",
    "iana/addrtype",
    "iana/adtype",
    "iana/asnAppTag",
    "iana/chksumtype",
    "iana/errorcode",
    "iana/etypeID",
    "iana/flags",
    "iana/keyusage",
    "iana/msgtype",
    "iana/nametype",
    "iana/patype",
    "kadmin",
    "keytab",
    "krberror",
    "messages",
    "pac",
    "types",
  ]
  pruneopts = "UT"
  revision = "0b0d9d762bbc834e1e14f3f39dcea984364e9d63"
  version = "v7.5.0"

[[projects]]
  digest = "1:0f16d9c577198e3b8d3209f5a89aabe679525b2aba2a7548714e973035c0e232"
  name = "gopkg.in/jcmturner/rpc.v1"
  packages = [
    "mstypes",
    "ndr",
  ]
  pruneopts = "UT"
  revision = "99a8ce2fbf8b8087b6ed12a37c61b10f04070043"
  version = "v1.1.0"

[[projects]]
  digest = "1:d7f1bd887dc650737a421b872ca883059580e9f8314d601f88025df4f4802dce"
  name = "gopkg.in/yaml.v2"
  packages = ["."]
  pruneopts = "UT"
  revision = "0b1645d91e851e735d3e23330303ce81f70adbe3"
  version = "v2.3.0"

[solve-meta]
  analyzer-name = "dep"
  analyzer-version = 1
  input-imports = [
    "github.com/BurntSushi/toml",
    "github.com/Shopify/sarama",
    "github.com/gin-gonic/gin",
    "github.com/gofrs/uuid",
    "github.com/gomodule/redigo/redis",
    "github.com/momotech/timewheel",
    "github.com/samuel/go-zookeeper/zk",
    "github.com/sirupsen/logrus",
  ]
  solver-name = "gps-cdcl"
  solver-version = 1
